
Microsoft Visual Studio Solution File, Format Version 12.00
# Visual Studio 14
VisualStudioVersion = 14.0.25420.1
MinimumVisualStudioVersion = 10.0.40219.1
Project("{F184B08F-C81C-45F6-A57F-5ABD9991F28F}") = "PrjCArds", "PrjCArds\PrjCArds.vbproj", "{A77913BE-7891-4A92-AF9D-4DB8CB79F9A4}"
EndProject
Project("{2150E333-8FDC-42A3-9474-1A3956D46DE8}") = "Solution Items", "Solution Items", "{EDBBB1EA-53E4-4F59-A1E6-203E2FED0213}"
	ProjectSection(SolutionItems) = preProject
		Cards.vb = Cards.vb
	EndProjectSection
EndProject
Global
	GlobalSection(SolutionConfigurationPlatforms) = preSolution
		Debug|Any CPU = Debug|Any CPU
		Release|Any CPU = Release|Any CPU
	EndGlobalSection
	GlobalSection(ProjectConfigurationPlatforms) = postSolution
		{A77913BE-7891-4A92-AF9D-4DB8CB79F9A4}.Debug|Any CPU.ActiveCfg = Debug|Any CPU
		{A77913BE-7891-4A92-AF9D-4DB8CB79F9A4}.Debug|Any CPU.Build.0 = Debug|Any CPU
		{A77913BE-7891-4A92-AF9D-4DB8CB79F9A4}.Release|Any CPU.ActiveCfg = Release|Any CPU
		{A77913BE-7891-4A92-AF9D-4DB8CB79F9A4}.Release|Any CPU.Build.0 = Release|Any CPU
	EndGlobalSection
	GlobalSection(SolutionProperties) = preSolution
		HideSolutionNode = FALSE
	EndGlobalSection
EndGlobal
